// !$*UTF8*$!
{
	archiveVersion = 1;
	classes = {
	};
	objectVersion = 60;
	objects = {

/* Begin PBXBuildFile section */
		660FC5A32B748DEE00A6FA6A /* LinkKit in Frameworks */ = {isa = PBXBuildFile; productRef = 660FC5A22B748DEE00A6FA6A /* LinkKit */; };
		660FC5A62B74E56F00A6FA6A /* NamedViewController.swift in Sources */ = {isa = PBXBuildFile; fileRef = 660FC5A52B74E56F00A6FA6A /* NamedViewController.swift */; };
		660FC5A82B77964900A6FA6A /* SampleLink.swift in Sources */ = {isa = PBXBuildFile; fileRef = 660FC5A72B77964900A6FA6A /* SampleLink.swift */; };
		66AF37732B748A9700DFE93E /* AppDelegate.swift in Sources */ = {isa = PBXBuildFile; fileRef = 66AF37722B748A9700DFE93E /* AppDelegate.swift */; };
		66AF37752B748A9700DFE93E /* SceneDelegate.swift in Sources */ = {isa = PBXBuildFile; fileRef = 66AF37742B748A9700DFE93E /* SceneDelegate.swift */; };
		66AF37772B748A9700DFE93E /* ViewController.swift in Sources */ = {isa = PBXBuildFile; fileRef = 66AF37762B748A9700DFE93E /* ViewController.swift */; };
		66AF377A2B748A9700DFE93E /* Main.storyboard in Resources */ = {isa = PBXBuildFile; fileRef = 66AF37782B748A9700DFE93E /* Main.storyboard */; };
		66AF377C2B748A9700DFE93E /* Assets.xcassets in Resources */ = {isa = PBXBuildFile; fileRef = 66AF377B2B748A9700DFE93E /* Assets.xcassets */; };
		66AF377F2B748A9700DFE93E /* LaunchScreen.storyboard in Resources */ = {isa = PBXBuildFile; fileRef = 66AF377D2B748A9700DFE93E /* LaunchScreen.storyboard */; };
/* End PBXBuildFile section */

/* Begin PBXFileReference section */
		660FC5A52B74E56F00A6FA6A /* NamedViewController.swift */ = {isa = PBXFileReference; lastKnownFileType = sourcecode.swift; path = NamedViewController.swift; sourceTree = "<group>"; };
		660FC5A72B77964900A6FA6A /* SampleLink.swift */ = {isa = PBXFileReference; lastKnownFileType = sourcecode.swift; path = SampleLink.swift; sourceTree = "<group>"; };
		66AF376F2B748A9700DFE93E /* LinkSample.app */ = {isa = PBXFileReference; explicitFileType = wrapper.application; includeInIndex = 0; path = LinkSample.app; sourceTree = BUILT_PRODUCTS_DIR; };
		66AF37722B748A9700DFE93E /* AppDelegate.swift */ = {isa = PBXFileReference; lastKnownFileType = sourcecode.swift; path = AppDelegate.swift; sourceTree = "<group>"; };
		66AF37742B748A9700DFE93E /* SceneDelegate.swift */ = {isa = PBXFileReference; lastKnownFileType = sourcecode.swift; path = SceneDelegate.swift; sourceTree = "<group>"; };
		66AF37762B748A9700DFE93E /* ViewController.swift */ = {isa = PBXFileReference; lastKnownFileType = sourcecode.swift; path = ViewController.swift; sourceTree = "<group>"; };
		66AF37792B748A9700DFE93E /* Base */ = {isa = PBXFileReference; lastKnownFileType = file.storyboard; name = Base; path = Base.lproj/Main.storyboard; sourceTree = "<group>"; };
		66AF377B2B748A9700DFE93E /* Assets.xcassets */ = {isa = PBXFileReference; lastKnownFileType = folder.assetcatalog; path = Assets.xcassets; sourceTree = "<group>"; };
		66AF377E2B748A9700DFE93E /* Base */ = {isa = PBXFileReference; lastKnownFileType = file.storyboard; name = Base; path = Base.lproj/LaunchScreen.storyboard; sourceTree = "<group>"; };
		66AF37802B748A9700DFE93E /* Info.plist */ = {isa = PBXFileReference; lastKnownFileType = text.plist.xml; path = Info.plist; sourceTree = "<group>"; };
/* End PBXFileReference section */

/* Begin PBXFrameworksBuildPhase section */
		66AF376C2B748A9700DFE93E /* Frameworks */ = {
			isa = PBXFrameworksBuildPhase;
			buildActionMask = 2147483647;
			files = (
				660FC5A32B748DEE00A6FA6A /* LinkKit in Frameworks */,
			);
			runOnlyForDeploymentPostprocessing = 0;
		};
/* End PBXFrameworksBuildPhase section */

/* Begin PBXGroup section */
		660FC5A12B748DEE00A6FA6A /* Frameworks */ = {
			isa = PBXGroup;
			children = (
			);
			name = Frameworks;
			sourceTree = "<group>";
		};
		660FC5A42B74DE7700A6FA6A /* ViewControllers */ = {
			isa = PBXGroup;
			children = (
				66AF37762B748A9700DFE93E /* ViewController.swift */,
				660FC5A52B74E56F00A6FA6A /* NamedViewController.swift */,
				660FC5A72B77964900A6FA6A /* SampleLink.swift */,
			);
			path = ViewControllers;
			sourceTree = "<group>";
		};
		66AF37662B748A9700DFE93E = {
			isa = PBXGroup;
			children = (
				66AF37712B748A9700DFE93E /* LinkSample */,
				66AF37702B748A9700DFE93E /* Products */,
				660FC5A12B748DEE00A6FA6A /* Frameworks */,
			);
			sourceTree = "<group>";
		};
		66AF37702B748A9700DFE93E /* Products */ = {
			isa = PBXGroup;
			children = (
				66AF376F2B748A9700DFE93E /* LinkSample.app */,
			);
			name = Products;
			sourceTree = "<group>";
		};
		66AF37712B748A9700DFE93E /* LinkSample */ = {
			isa = PBXGroup;
			children = (
				660FC5A42B74DE7700A6FA6A /* ViewControllers */,
				66AF37722B748A9700DFE93E /* AppDelegate.swift */,
				66AF37742B748A9700DFE93E /* SceneDelegate.swift */,
				66AF37782B748A9700DFE93E /* Main.storyboard */,
				66AF377B2B748A9700DFE93E /* Assets.xcassets */,
				66AF377D2B748A9700DFE93E /* LaunchScreen.storyboard */,
				66AF37802B748A9700DFE93E /* Info.plist */,
			);
			path = LinkSample;
			sourceTree = "<group>";
		};
/* End PBXGroup section */

/* Begin PBXNativeTarget section */
		66AF376E2B748A9700DFE93E /* LinkSample */ = {
			isa = PBXNativeTarget;
			buildConfigurationList = 66AF37992B748A9800DFE93E /* Build configuration list for PBXNativeTarget "LinkSample" */;
			buildPhases = (
				66AF376B2B748A9700DFE93E /* Sources */,
				66AF376C2B748A9700DFE93E /* Frameworks */,
				66AF376D2B748A9700DFE93E /* Resources */,
			);
			buildRules = (
			);
			dependencies = (
			);
			name = LinkSample;
			packageProductDependencies = (
				660FC5A22B748DEE00A6FA6A /* LinkKit */,
			);
			productName = LinkSample;
			productReference = 66AF376F2B748A9700DFE93E /* LinkSample.app */;
			productType = "com.apple.product-type.application";
		};
/* End PBXNativeTarget section */

/* Begin PBXProject section */
		66AF37672B748A9700DFE93E /* Project object */ = {
			isa = PBXProject;
			attributes = {
				BuildIndependentTargetsInParallel = 1;
				LastSwiftUpdateCheck = 1510;
				LastUpgradeCheck = 1510;
				TargetAttributes = {
					66AF376E2B748A9700DFE93E = {
						CreatedOnToolsVersion = 15.1;
					};
				};
			};
			buildConfigurationList = 66AF376A2B748A9700DFE93E /* Build configuration list for PBXProject "LinkSample" */;
			compatibilityVersion = "Xcode 14.0";
			developmentRegion = en;
			hasScannedForEncodings = 0;
			knownRegions = (
				en,
				Base,
			);
			mainGroup = 66AF37662B748A9700DFE93E;
			packageReferences = (
				66AF37A22B748C5500DFE93E /* XCLocalSwiftPackageReference "../.." */,
			);
			productRefGroup = 66AF37702B748A9700DFE93E /* Products */;
			projectDirPath = "";
			projectRoot = "";
			targets = (
				66AF376E2B748A9700DFE93E /* LinkSample */,
			);
		};
/* End PBXProject section */

/* Begin PBXResourcesBuildPhase section */
		66AF376D2B748A9700DFE93E /* Resources */ = {
			isa = PBXResourcesBuildPhase;
			buildActionMask = 2147483647;
			files = (
				66AF377F2B748A9700DFE93E /* LaunchScreen.storyboard in Resources */,
				66AF377C2B748A9700DFE93E /* Assets.xcassets in Resources */,
				66AF377A2B748A9700DFE93E /* Main.storyboard in Resources */,
			);
			runOnlyForDeploymentPostprocessing = 0;
		};
/* End PBXResourcesBuildPhase section */

/* Begin PBXSourcesBuildPhase section */
		66AF376B2B748A9700DFE93E /* Sources */ = {
			isa = PBXSourcesBuildPhase;
			buildActionMask = 2147483647;
			files = (
				660FC5A62B74E56F00A6FA6A /* NamedViewController.swift in Sources */,
				66AF37772B748A9700DFE93E /* ViewController.swift in Sources */,
				66AF37732B748A9700DFE93E /* AppDelegate.swift in Sources */,
				66AF37752B748A9700DFE93E /* SceneDelegate.swift in Sources */,
				660FC5A82B77964900A6FA6A /* SampleLink.swift in Sources */,
			);
			runOnlyForDeploymentPostprocessing = 0;
		};
/* End PBXSourcesBuildPhase section */

/* Begin PBXVariantGroup section */
		66AF37782B748A9700DFE93E /* Main.storyboard */ = {
			isa = PBXVariantGroup;
			children = (
				66AF37792B748A9700DFE93E /* Base */,
			);
			name = Main.storyboard;
			sourceTree = "<group>";
		};
		66AF377D2B748A9700DFE93E /* LaunchScreen.storyboard */ = {
			isa = PBXVariantGroup;
			children = (
				66AF377E2B748A9700DFE93E /* Base */,
			);
			name = LaunchScreen.storyboard;
			sourceTree = "<group>";
		};
/* End PBXVariantGroup section */

/* Begin XCBuildConfiguration section */
		66AF37972B748A9800DFE93E /* Debug */ = {
			isa = XCBuildConfiguration;
			buildSettings = {
				ALWAYS_SEARCH_USER_PATHS = NO;
				ASSETCATALOG_COMPILER_GENERATE_SWIFT_ASSET_SYMBOL_EXTENSIONS = YES;
				CLANG_ANALYZER_NONNULL = YES;
				CLANG_ANALYZER_NUMBER_OBJECT_CONVERSION = YES_AGGRESSIVE;
				CLANG_CXX_LANGUAGE_STANDARD = "gnu++20";
				CLANG_ENABLE_MODULES = YES;
				CLANG_ENABLE_OBJC_ARC = YES;
				CLANG_ENABLE_OBJC_WEAK = YES;
				CLANG_WARN_BLOCK_CAPTURE_AUTORELEASING = YES;
				CLANG_WARN_BOOL_CONVERSION = YES;
				CLANG_WARN_COMMA = YES;
				CLANG_WARN_CONSTANT_CONVERSION = YES;
				CLANG_WARN_DEPRECATED_OBJC_IMPLEMENTATIONS = YES;
				CLANG_WARN_DIRECT_OBJC_ISA_USAGE = YES_ERROR;
				CLANG_WARN_DOCUMENTATION_COMMENTS = YES;
				CLANG_WARN_EMPTY_BODY = YES;
				CLANG_WARN_ENUM_CONVERSION = YES;
				CLANG_WARN_INFINITE_RECURSION = YES;
				CLANG_WARN_INT_CONVERSION = YES;
				CLANG_WARN_NON_LITERAL_NULL_CONVERSION = YES;
				CLANG_WARN_OBJC_IMPLICIT_RETAIN_SELF = YES;
				CLANG_WARN_OBJC_LITERAL_CONVERSION = YES;
				CLANG_WARN_OBJC_ROOT_CLASS = YES_ERROR;
				CLANG_WARN_QUOTED_INCLUDE_IN_FRAMEWORK_HEADER = YES;
				CLANG_WARN_RANGE_LOOP_ANALYSIS = YES;
				CLANG_WARN_STRICT_PROTOTYPES = YES;
				CLANG_WARN_SUSPICIOUS_MOVE = YES;
				CLANG_WARN_UNGUARDED_AVAILABILITY = YES_AGGRESSIVE;
				CLANG_WARN_UNREACHABLE_CODE = YES;
				CLANG_WARN__DUPLICATE_METHOD_MATCH = YES;
				COPY_PHASE_STRIP = NO;
				DEBUG_INFORMATION_FORMAT = dwarf;
				ENABLE_STRICT_OBJC_MSGSEND = YES;
				ENABLE_TESTABILITY = YES;
				ENABLE_USER_SCRIPT_SANDBOXING = YES;
				GCC_C_LANGUAGE_STANDARD = gnu17;
				GCC_DYNAMIC_NO_PIC = NO;
				GCC_NO_COMMON_BLOCKS = YES;
				GCC_OPTIMIZATION_LEVEL = 0;
				GCC_PREPROCESSOR_DEFINITIONS = (
					"DEBUG=1",
					"$(inherited)",
				);
				GCC_WARN_64_TO_32_BIT_CONVERSION = YES;
				GCC_WARN_ABOUT_RETURN_TYPE = YES_ERROR;
				GCC_WARN_UNDECLARED_SELECTOR = YES;
				GCC_WARN_UNINITIALIZED_AUTOS = YES_AGGRESSIVE;
				GCC_WARN_UNUSED_FUNCTION = YES;
				GCC_WARN_UNUSED_VARIABLE = YES;
				IPHONEOS_DEPLOYMENT_TARGET = 17.2;
				LOCALIZATION_PREFERS_STRING_CATALOGS = YES;
				MTL_ENABLE_DEBUG_INFO = INCLUDE_SOURCE;
				MTL_FAST_MATH = YES;
				ONLY_ACTIVE_ARCH = YES;
				SDKROOT = iphoneos;
				SWIFT_ACTIVE_COMPILATION_CONDITIONS = "DEBUG $(inherited)";
				SWIFT_OPTIMIZATION_LEVEL = "-Onone";
			};
			name = Debug;
		};
		66AF37982B748A9800DFE93E /* Release */ = {
			isa = XCBuildConfiguration;
			buildSettings = {
				ALWAYS_SEARCH_USER_PATHS = NO;
				ASSETCATALOG_COMPILER_GENERATE_SWIFT_ASSET_SYMBOL_EXTENSIONS = YES;
				CLANG_ANALYZER_NONNULL = YES;
				CLANG_ANALYZER_NUMBER_OBJECT_CONVERSION = YES_AGGRESSIVE;
				CLANG_CXX_LANGUAGE_STANDARD = "gnu++20";
				CLANG_ENABLE_MODULES = YES;
				CLANG_ENABLE_OBJC_ARC = YES;
				CLANG_ENABLE_OBJC_WEAK = YES;
				CLANG_WARN_BLOCK_CAPTURE_AUTORELEASING = YES;
				CLANG_WARN_BOOL_CONVERSION = YES;
				CLANG_WARN_COMMA = YES;
				CLANG_WARN_CONSTANT_CONVERSION = YES;
				CLANG_WARN_DEPRECATED_OBJC_IMPLEMENTATIONS = YES;
				CLANG_WARN_DIRECT_OBJC_ISA_USAGE = YES_ERROR;
				CLANG_WARN_DOCUMENTATION_COMMENTS = YES;
				CLANG_WARN_EMPTY_BODY = YES;
				CLANG_WARN_ENUM_CONVERSION = YES;
				CLANG_WARN_INFINITE_RECURSION = YES;
				CLANG_WARN_INT_CONVERSION = YES;
				CLANG_WARN_NON_LITERAL_NULL_CONVERSION = YES;
				CLANG_WARN_OBJC_IMPLICIT_RETAIN_SELF = YES;
				CLANG_WARN_OBJC_LITERAL_CONVERSION = YES;
				CLANG_WARN_OBJC_ROOT_CLASS = YES_ERROR;
				CLANG_WARN_QUOTED_INCLUDE_IN_FRAMEWORK_HEADER = YES;
				CLANG_WARN_RANGE_LOOP_ANALYSIS = YES;
				CLANG_WARN_STRICT_PROTOTYPES = YES;
				CLANG_WARN_SUSPICIOUS_MOVE = YES;
				CLANG_WARN_UNGUARDED_AVAILABILITY = YES_AGGRESSIVE;
				CLANG_WARN_UNREACHABLE_CODE = YES;
				CLANG_WARN__DUPLICATE_METHOD_MATCH = YES;
				COPY_PHASE_STRIP = NO;
				DEBUG_INFORMATION_FORMAT = "dwarf-with-dsym";
				ENABLE_NS_ASSERTIONS = NO;
				ENABLE_STRICT_OBJC_MSGSEND = YES;
				ENABLE_USER_SCRIPT_SANDBOXING = YES;
				GCC_C_LANGUAGE_STANDARD = gnu17;
				GCC_NO_COMMON_BLOCKS = YES;
				GCC_WARN_64_TO_32_BIT_CONVERSION = YES;
				GCC_WARN_ABOUT_RETURN_TYPE = YES_ERROR;
				GCC_WARN_UNDECLARED_SELECTOR = YES;
				GCC_WARN_UNINITIALIZED_AUTOS = YES_AGGRESSIVE;
				GCC_WARN_UNUSED_FUNCTION = YES;
				GCC_WARN_UNUSED_VARIABLE = YES;
				IPHONEOS_DEPLOYMENT_TARGET = 17.2;
				LOCALIZATION_PREFERS_STRING_CATALOGS = YES;
				MTL_ENABLE_DEBUG_INFO = NO;
				MTL_FAST_MATH = YES;
				SDKROOT = iphoneos;
				SWIFT_COMPILATION_MODE = wholemodule;
				VALIDATE_PRODUCT = YES;
			};
			name = Release;
		};
		66AF379A2B748A9800DFE93E /* Debug */ = {
			isa = XCBuildConfiguration;
			buildSettings = {
				ASSETCATALOG_COMPILER_APPICON_NAME = AppIcon;
				ASSETCATALOG_COMPILER_GLOBAL_ACCENT_COLOR_NAME = AccentColor;
				CODE_SIGN_IDENTITY = "Apple Development";
				CODE_SIGN_STYLE = Automatic;
				CURRENT_PROJECT_VERSION = 1;
				DEVELOPMENT_TEAM = "";
				GENERATE_INFOPLIST_FILE = YES;
				INFOPLIST_FILE = LinkSample/Info.plist;
				INFOPLIST_KEY_UIApplicationSupportsIndirectInputEvents = YES;
				INFOPLIST_KEY_UILaunchStoryboardName = LaunchScreen;
				INFOPLIST_KEY_UIMainStoryboardFile = Main;
				INFOPLIST_KEY_UISupportedInterfaceOrientations_iPad = "UIInterfaceOrientationPortrait UIInterfaceOrientationPortraitUpsideDown UIInterfaceOrientationLandscapeLeft UIInterfaceOrientationLandscapeRight";
				INFOPLIST_KEY_UISupportedInterfaceOrientations_iPhone = "UIInterfaceOrientationPortrait UIInterfaceOrientationLandscapeLeft UIInterfaceOrientationLandscapeRight";
				LD_RUNPATH_SEARCH_PATHS = (
					"$(inherited)",
					"@executable_path/Frameworks",
				);
				MARKETING_VERSION = 1.0;
				PRODUCT_BUNDLE_IDENTIFIER = net.marimodev.LinkSample;
				PRODUCT_NAME = "$(TARGET_NAME)";
				PROVISIONING_PROFILE_SPECIFIER = "";
				SWIFT_EMIT_LOC_STRINGS = YES;
				SWIFT_VERSION = 5.0;
				TARGETED_DEVICE_FAMILY = "1,2";
			};
			name = Debug;
		};
		66AF379B2B748A9800DFE93E /* Release */ = {
			isa = XCBuildConfiguration;
			buildSettings = {
				ASSETCATALOG_COMPILER_APPICON_NAME = AppIcon;
				ASSETCATALOG_COMPILER_GLOBAL_ACCENT_COLOR_NAME = AccentColor;
				CODE_SIGN_IDENTITY = "Apple Development";
				CODE_SIGN_STYLE = Automatic;
				CURRENT_PROJECT_VERSION = 1;
				DEVELOPMENT_TEAM = "";
				GENERATE_INFOPLIST_FILE = YES;
				INFOPLIST_FILE = LinkSample/Info.plist;
				INFOPLIST_KEY_UIApplicationSupportsIndirectInputEvents = YES;
				INFOPLIST_KEY_UILaunchStoryboardName = LaunchScreen;
				INFOPLIST_KEY_UIMainStoryboardFile = Main;
				INFOPLIST_KEY_UISupportedInterfaceOrientations_iPad = "UIInterfaceOrientationPortrait UIInterfaceOrientationPortraitUpsideDown UIInterfaceOrientationLandscapeLeft UIInterfaceOrientationLandscapeRight";
				INFOPLIST_KEY_UISupportedInterfaceOrientations_iPhone = "UIInterfaceOrientationPortrait UIInterfaceOrientationLandscapeLeft UIInterfaceOrientationLandscapeRight";
				LD_RUNPATH_SEARCH_PATHS = (
					"$(inherited)",
					"@executable_path/Frameworks",
				);
				MARKETING_VERSION = 1.0;
				PRODUCT_BUNDLE_IDENTIFIER = net.marimodev.LinkSample;
				PRODUCT_NAME = "$(TARGET_NAME)";
				PROVISIONING_PROFILE_SPECIFIER = "";
				SWIFT_EMIT_LOC_STRINGS = YES;
				SWIFT_VERSION = 5.0;
				TARGETED_DEVICE_FAMILY = "1,2";
			};
			name = Release;
		};
/* End XCBuildConfiguration section */

/* Begin XCConfigurationList section */
		66AF376A2B748A9700DFE93E /* Build configuration list for PBXProject "LinkSample" */ = {
			isa = XCConfigurationList;
			buildConfigurations = (
				66AF37972B748A9800DFE93E /* Debug */,
				66AF37982B748A9800DFE93E /* Release */,
			);
			defaultConfigurationIsVisible = 0;
			defaultConfigurationName = Release;
		};
		66AF37992B748A9800DFE93E /* Build configuration list for PBXNativeTarget "LinkSample" */ = {
			isa = XCConfigurationList;
			buildConfigurations = (
				66AF379A2B748A9800DFE93E /* Debug */,
				66AF379B2B748A9800DFE93E /* Release */,
			);
			defaultConfigurationIsVisible = 0;
			defaultConfigurationName = Release;
		};
/* End XCConfigurationList section */

/* Begin XCLocalSwiftPackageReference section */
		66AF37A22B748C5500DFE93E /* XCLocalSwiftPackageReference "../.." */ = {
			isa = XCLocalSwiftPackageReference;
			relativePath = ../..;
		};
/* End XCLocalSwiftPackageReference section */

/* Begin XCSwiftPackageProductDependency section */
		660FC5A22B748DEE00A6FA6A /* LinkKit */ = {
			isa = XCSwiftPackageProductDependency;
			productName = LinkKit;
		};
/* End XCSwiftPackageProductDependency section */
	};
	rootObject = 66AF37672B748A9700DFE93E /* Project object */;
}
